{
  "nodes": {
    "nixpkgs": {
      "locked": {
        "lastModified": 1653910874,
        "narHash": "sha256-Jv+GDO2OKvSdMPgPkvE/j/QoVi4szWJ6G/UXJH1SdIA=",
        "owner": "NixOS",
        "repo": "nixpkgs",
        "rev": "13e0d337037b3f59eccbbdf3bc1fe7b1e55c93fd",
        "type": "github"
      },
      "original": {
        "owner": "NixOS",
        "repo": "nixpkgs",
        "rev": "13e0d337037b3f59eccbbdf3bc1fe7b1e55c93fd",
        "type": "github"
      }
    },
    "root": {
      "inputs": {
        "nixpkgs": "nixpkgs"
      }
    }
  },
  "root": "root",
  "version": 7
}
